// !$*UTF8*$!
{
	archiveVersion = 1;
	classes = {
	};
	objectVersion = 56;
	objects = {

/* Begin PBXBuildFile section */
		D0642F9F29516273008FDEDC /* FavouriteGroupsController.swift in Sources */ = {isa = PBXBuildFile; fileRef = D0642F9E29516273008FDEDC /* FavouriteGroupsController.swift */; };
		D0642FA129516483008FDEDC /* GroupTableViewCell.swift in Sources */ = {isa = PBXBuildFile; fileRef = D0642FA029516483008FDEDC /* GroupTableViewCell.swift */; };
		D0642FA3295169AA008FDEDC /* AllGroupsController.swift in Sources */ = {isa = PBXBuildFile; fileRef = D0642FA2295169AA008FDEDC /* AllGroupsController.swift */; };
		D0642FA729518943008FDEDC /* AllGroupsCell.swift in Sources */ = {isa = PBXBuildFile; fileRef = D0642FA629518943008FDEDC /* AllGroupsCell.swift */; };
		D0642FAB29519239008FDEDC /* Group.swift in Sources */ = {isa = PBXBuildFile; fileRef = D0642FAA29519239008FDEDC /* Group.swift */; };
		D0642FAF295193D9008FDEDC /* FavouriteFriendsController.swift in Sources */ = {isa = PBXBuildFile; fileRef = D0642FAE295193D9008FDEDC /* FavouriteFriendsController.swift */; };
		D0642FB129519413008FDEDC /* Friend.swift in Sources */ = {isa = PBXBuildFile; fileRef = D0642FB029519413008FDEDC /* Friend.swift */; };
		D0642FB32951964A008FDEDC /* FriendTableViewCell.swift in Sources */ = {isa = PBXBuildFile; fileRef = D0642FB22951964A008FDEDC /* FriendTableViewCell.swift */; };
		D0642FB529519AB9008FDEDC /* FriendsCollection.swift in Sources */ = {isa = PBXBuildFile; fileRef = D0642FB429519AB9008FDEDC /* FriendsCollection.swift */; };
		D0642FB729519B03008FDEDC /* FriendCollectionViewCell.swift in Sources */ = {isa = PBXBuildFile; fileRef = D0642FB629519B03008FDEDC /* FriendCollectionViewCell.swift */; };
		D06D8B13294A050200913140 /* AppDelegate.swift in Sources */ = {isa = PBXBuildFile; fileRef = D06D8B12294A050200913140 /* AppDelegate.swift */; };
		D06D8B15294A050200913140 /* SceneDelegate.swift in Sources */ = {isa = PBXBuildFile; fileRef = D06D8B14294A050200913140 /* SceneDelegate.swift */; };
		D06D8B17294A050200913140 /* ViewController.swift in Sources */ = {isa = PBXBuildFile; fileRef = D06D8B16294A050200913140 /* ViewController.swift */; };
		D06D8B1A294A050200913140 /* Main.storyboard in Resources */ = {isa = PBXBuildFile; fileRef = D06D8B18294A050200913140 /* Main.storyboard */; };
		D06D8B1C294A050800913140 /* Assets.xcassets in Resources */ = {isa = PBXBuildFile; fileRef = D06D8B1B294A050800913140 /* Assets.xcassets */; };
		D06D8B1F294A050800913140 /* LaunchScreen.storyboard in Resources */ = {isa = PBXBuildFile; fileRef = D06D8B1D294A050800913140 /* LaunchScreen.storyboard */; };
/* End PBXBuildFile section */

/* Begin PBXFileReference section */
		D0642F9E29516273008FDEDC /* FavouriteGroupsController.swift */ = {isa = PBXFileReference; lastKnownFileType = sourcecode.swift; path = FavouriteGroupsController.swift; sourceTree = "<group>"; };
		D0642FA029516483008FDEDC /* GroupTableViewCell.swift */ = {isa = PBXFileReference; lastKnownFileType = sourcecode.swift; path = GroupTableViewCell.swift; sourceTree = "<group>"; };
		D0642FA2295169AA008FDEDC /* AllGroupsController.swift */ = {isa = PBXFileReference; lastKnownFileType = sourcecode.swift; path = AllGroupsController.swift; sourceTree = "<group>"; };
		D0642FA629518943008FDEDC /* AllGroupsCell.swift */ = {isa = PBXFileReference; lastKnownFileType = sourcecode.swift; path = AllGroupsCell.swift; sourceTree = "<group>"; };
		D0642FAA29519239008FDEDC /* Group.swift */ = {isa = PBXFileReference; lastKnownFileType = sourcecode.swift; path = Group.swift; sourceTree = "<group>"; };
		D0642FAE295193D9008FDEDC /* FavouriteFriendsController.swift */ = {isa = PBXFileReference; lastKnownFileType = sourcecode.swift; path = FavouriteFriendsController.swift; sourceTree = "<group>"; };
		D0642FB029519413008FDEDC /* Friend.swift */ = {isa = PBXFileReference; lastKnownFileType = sourcecode.swift; path = Friend.swift; sourceTree = "<group>"; };
		D0642FB22951964A008FDEDC /* FriendTableViewCell.swift */ = {isa = PBXFileReference; lastKnownFileType = sourcecode.swift; path = FriendTableViewCell.swift; sourceTree = "<group>"; };
		D0642FB429519AB9008FDEDC /* FriendsCollection.swift */ = {isa = PBXFileReference; lastKnownFileType = sourcecode.swift; path = FriendsCollection.swift; sourceTree = "<group>"; };
		D0642FB629519B03008FDEDC /* FriendCollectionViewCell.swift */ = {isa = PBXFileReference; lastKnownFileType = sourcecode.swift; path = FriendCollectionViewCell.swift; sourceTree = "<group>"; };
		D06D8B0F294A050200913140 /* 1l_AkhmedIsaev_second_course.app */ = {isa = PBXFileReference; explicitFileType = wrapper.application; includeInIndex = 0; path = 1l_AkhmedIsaev_second_course.app; sourceTree = BUILT_PRODUCTS_DIR; };
		D06D8B12294A050200913140 /* AppDelegate.swift */ = {isa = PBXFileReference; lastKnownFileType = sourcecode.swift; path = AppDelegate.swift; sourceTree = "<group>"; };
		D06D8B14294A050200913140 /* SceneDelegate.swift */ = {isa = PBXFileReference; lastKnownFileType = sourcecode.swift; path = SceneDelegate.swift; sourceTree = "<group>"; };
		D06D8B16294A050200913140 /* ViewController.swift */ = {isa = PBXFileReference; lastKnownFileType = sourcecode.swift; path = ViewController.swift; sourceTree = "<group>"; };
		D06D8B19294A050200913140 /* Base */ = {isa = PBXFileReference; lastKnownFileType = file.storyboard; name = Base; path = Base.lproj/Main.storyboard; sourceTree = "<group>"; };
		D06D8B1B294A050800913140 /* Assets.xcassets */ = {isa = PBXFileReference; lastKnownFileType = folder.assetcatalog; path = Assets.xcassets; sourceTree = "<group>"; };
		D06D8B1E294A050800913140 /* Base */ = {isa = PBXFileReference; lastKnownFileType = file.storyboard; name = Base; path = Base.lproj/LaunchScreen.storyboard; sourceTree = "<group>"; };
		D06D8B20294A050800913140 /* Info.plist */ = {isa = PBXFileReference; lastKnownFileType = text.plist.xml; path = Info.plist; sourceTree = "<group>"; };
/* End PBXFileReference section */

/* Begin PBXFrameworksBuildPhase section */
		D06D8B0C294A050200913140 /* Frameworks */ = {
			isa = PBXFrameworksBuildPhase;
			buildActionMask = 2147483647;
			files = (
			);
			runOnlyForDeploymentPostprocessing = 0;
		};
/* End PBXFrameworksBuildPhase section */

/* Begin PBXGroup section */
		D0642FAD2951937A008FDEDC /* Models */ = {
			isa = PBXGroup;
			children = (
				D0642FAA29519239008FDEDC /* Group.swift */,
				D0642FB029519413008FDEDC /* Friend.swift */,
			);
			path = Models;
			sourceTree = "<group>";
		};
		D06D8B06294A050100913140 = {
			isa = PBXGroup;
			children = (
				D06D8B11294A050200913140 /* 1l_AkhmedIsaev_second_course */,
				D06D8B10294A050200913140 /* Products */,
			);
			sourceTree = "<group>";
		};
		D06D8B10294A050200913140 /* Products */ = {
			isa = PBXGroup;
			children = (
				D06D8B0F294A050200913140 /* 1l_AkhmedIsaev_second_course.app */,
			);
			name = Products;
			sourceTree = "<group>";
		};
		D06D8B11294A050200913140 /* 1l_AkhmedIsaev_second_course */ = {
			isa = PBXGroup;
			children = (
				D0642FAE295193D9008FDEDC /* FavouriteFriendsController.swift */,
				D06D8B12294A050200913140 /* AppDelegate.swift */,
				D0642F9E29516273008FDEDC /* FavouriteGroupsController.swift */,
				D06D8B14294A050200913140 /* SceneDelegate.swift */,
				D06D8B16294A050200913140 /* ViewController.swift */,
				D06D8B18294A050200913140 /* Main.storyboard */,
				D06D8B1B294A050800913140 /* Assets.xcassets */,
				D06D8B1D294A050800913140 /* LaunchScreen.storyboard */,
				D0642FA029516483008FDEDC /* GroupTableViewCell.swift */,
				D0642FA2295169AA008FDEDC /* AllGroupsController.swift */,
				D06D8B20294A050800913140 /* Info.plist */,
				D0642FA629518943008FDEDC /* AllGroupsCell.swift */,
				D0642FAD2951937A008FDEDC /* Models */,
				D0642FB22951964A008FDEDC /* FriendTableViewCell.swift */,
				D0642FB429519AB9008FDEDC /* FriendsCollection.swift */,
				D0642FB629519B03008FDEDC /* FriendCollectionViewCell.swift */,
			);
			path = 1l_AkhmedIsaev_second_course;
			sourceTree = "<group>";
		};
/* End PBXGroup section */

/* Begin PBXNativeTarget section */
		D06D8B0E294A050200913140 /* 1l_AkhmedIsaev_second_course */ = {
			isa = PBXNativeTarget;
			buildConfigurationList = D06D8B23294A050800913140 /* Build configuration list for PBXNativeTarget "1l_AkhmedIsaev_second_course" */;
			buildPhases = (
				D06D8B0B294A050200913140 /* Sources */,
				D06D8B0C294A050200913140 /* Frameworks */,
				D06D8B0D294A050200913140 /* Resources */,
			);
			buildRules = (
			);
			dependencies = (
			);
			name = 1l_AkhmedIsaev_second_course;
			productName = 1l_AkhmedIsaev_second_course;
			productReference = D06D8B0F294A050200913140 /* 1l_AkhmedIsaev_second_course.app */;
			productType = "com.apple.product-type.application";
		};
/* End PBXNativeTarget section */

/* Begin PBXProject section */
		D06D8B07294A050100913140 /* Project object */ = {
			isa = PBXProject;
			attributes = {
				BuildIndependentTargetsInParallel = 1;
				LastSwiftUpdateCheck = 1410;
				LastUpgradeCheck = 1410;
				TargetAttributes = {
					D06D8B0E294A050200913140 = {
						CreatedOnToolsVersion = 14.1;
					};
				};
			};
			buildConfigurationList = D06D8B0A294A050100913140 /* Build configuration list for PBXProject "1l_AkhmedIsaev_second_course" */;
			compatibilityVersion = "Xcode 14.0";
			developmentRegion = en;
			hasScannedForEncodings = 0;
			knownRegions = (
				en,
				Base,
			);
			mainGroup = D06D8B06294A050100913140;
			productRefGroup = D06D8B10294A050200913140 /* Products */;
			projectDirPath = "";
			projectRoot = "";
			targets = (
				D06D8B0E294A050200913140 /* 1l_AkhmedIsaev_second_course */,
			);
		};
/* End PBXProject section */

/* Begin PBXResourcesBuildPhase section */
		D06D8B0D294A050200913140 /* Resources */ = {
			isa = PBXResourcesBuildPhase;
			buildActionMask = 2147483647;
			files = (
				D06D8B1F294A050800913140 /* LaunchScreen.storyboard in Resources */,
				D06D8B1C294A050800913140 /* Assets.xcassets in Resources */,
				D06D8B1A294A050200913140 /* Main.storyboard in Resources */,
			);
			runOnlyForDeploymentPostprocessing = 0;
		};
/* End PBXResourcesBuildPhase section */

/* Begin PBXSourcesBuildPhase section */
		D06D8B0B294A050200913140 /* Sources */ = {
			isa = PBXSourcesBuildPhase;
			buildActionMask = 2147483647;
			files = (
				D06D8B17294A050200913140 /* ViewController.swift in Sources */,
				D0642FB529519AB9008FDEDC /* FriendsCollection.swift in Sources */,
				D06D8B13294A050200913140 /* AppDelegate.swift in Sources */,
				D06D8B15294A050200913140 /* SceneDelegate.swift in Sources */,
				D0642FAB29519239008FDEDC /* Group.swift in Sources */,
				D0642FB32951964A008FDEDC /* FriendTableViewCell.swift in Sources */,
				D0642FA3295169AA008FDEDC /* AllGroupsController.swift in Sources */,
				D0642F9F29516273008FDEDC /* FavouriteGroupsController.swift in Sources */,
				D0642FA129516483008FDEDC /* GroupTableViewCell.swift in Sources */,
				D0642FB129519413008FDEDC /* Friend.swift in Sources */,
				D0642FAF295193D9008FDEDC /* FavouriteFriendsController.swift in Sources */,
				D0642FA729518943008FDEDC /* AllGroupsCell.swift in Sources */,
				D0642FB729519B03008FDEDC /* FriendCollectionViewCell.swift in Sources */,
			);
			runOnlyForDeploymentPostprocessing = 0;
		};
/* End PBXSourcesBuildPhase section */

/* Begin PBXVariantGroup section */
		D06D8B18294A050200913140 /* Main.storyboard */ = {
			isa = PBXVariantGroup;
			children = (
				D06D8B19294A050200913140 /* Base */,
			);
			name = Main.storyboard;
			sourceTree = "<group>";
		};
		D06D8B1D294A050800913140 /* LaunchScreen.storyboard */ = {
			isa = PBXVariantGroup;
			children = (
				D06D8B1E294A050800913140 /* Base */,
			);
			name = LaunchScreen.storyboard;
			sourceTree = "<group>";
		};
/* End PBXVariantGroup section */

/* Begin XCBuildConfiguration section */
		D06D8B21294A050800913140 /* Debug */ = {
			isa = XCBuildConfiguration;
			buildSettings = {
				ALWAYS_SEARCH_USER_PATHS = NO;
				CLANG_ANALYZER_NONNULL = YES;
				CLANG_ANALYZER_NUMBER_OBJECT_CONVERSION = YES_AGGRESSIVE;
				CLANG_CXX_LANGUAGE_STANDARD = "gnu++20";
				CLANG_ENABLE_MODULES = YES;
				CLANG_ENABLE_OBJC_ARC = YES;
				CLANG_ENABLE_OBJC_WEAK = YES;
				CLANG_WARN_BLOCK_CAPTURE_AUTORELEASING = YES;
				CLANG_WARN_BOOL_CONVERSION = YES;
				CLANG_WARN_COMMA = YES;
				CLANG_WARN_CONSTANT_CONVERSION = YES;
				CLANG_WARN_DEPRECATED_OBJC_IMPLEMENTATIONS = YES;
				CLANG_WARN_DIRECT_OBJC_ISA_USAGE = YES_ERROR;
				CLANG_WARN_DOCUMENTATION_COMMENTS = YES;
				CLANG_WARN_EMPTY_BODY = YES;
				CLANG_WARN_ENUM_CONVERSION = YES;
				CLANG_WARN_INFINITE_RECURSION = YES;
				CLANG_WARN_INT_CONVERSION = YES;
				CLANG_WARN_NON_LITERAL_NULL_CONVERSION = YES;
				CLANG_WARN_OBJC_IMPLICIT_RETAIN_SELF = YES;
				CLANG_WARN_OBJC_LITERAL_CONVERSION = YES;
				CLANG_WARN_OBJC_ROOT_CLASS = YES_ERROR;
				CLANG_WARN_QUOTED_INCLUDE_IN_FRAMEWORK_HEADER = YES;
				CLANG_WARN_RANGE_LOOP_ANALYSIS = YES;
				CLANG_WARN_STRICT_PROTOTYPES = YES;
				CLANG_WARN_SUSPICIOUS_MOVE = YES;
				CLANG_WARN_UNGUARDED_AVAILABILITY = YES_AGGRESSIVE;
				CLANG_WARN_UNREACHABLE_CODE = YES;
				CLANG_WARN__DUPLICATE_METHOD_MATCH = YES;
				COPY_PHASE_STRIP = NO;
				DEBUG_INFORMATION_FORMAT = dwarf;
				ENABLE_STRICT_OBJC_MSGSEND = YES;
				ENABLE_TESTABILITY = YES;
				GCC_C_LANGUAGE_STANDARD = gnu11;
				GCC_DYNAMIC_NO_PIC = NO;
				GCC_NO_COMMON_BLOCKS = YES;
				GCC_OPTIMIZATION_LEVEL = 0;
				GCC_PREPROCESSOR_DEFINITIONS = (
					"DEBUG=1",
					"$(inherited)",
				);
				GCC_WARN_64_TO_32_BIT_CONVERSION = YES;
				GCC_WARN_ABOUT_RETURN_TYPE = YES_ERROR;
				GCC_WARN_UNDECLARED_SELECTOR = YES;
				GCC_WARN_UNINITIALIZED_AUTOS = YES_AGGRESSIVE;
				GCC_WARN_UNUSED_FUNCTION = YES;
				GCC_WARN_UNUSED_VARIABLE = YES;
				IPHONEOS_DEPLOYMENT_TARGET = 16.1;
				MTL_ENABLE_DEBUG_INFO = INCLUDE_SOURCE;
				MTL_FAST_MATH = YES;
				ONLY_ACTIVE_ARCH = YES;
				SDKROOT = iphoneos;
				SWIFT_ACTIVE_COMPILATION_CONDITIONS = DEBUG;
				SWIFT_OPTIMIZATION_LEVEL = "-Onone";
			};
			name = Debug;
		};
		D06D8B22294A050800913140 /* Release */ = {
			isa = XCBuildConfiguration;
			buildSettings = {
				ALWAYS_SEARCH_USER_PATHS = NO;
				CLANG_ANALYZER_NONNULL = YES;
				CLANG_ANALYZER_NUMBER_OBJECT_CONVERSION = YES_AGGRESSIVE;
				CLANG_CXX_LANGUAGE_STANDARD = "gnu++20";
				CLANG_ENABLE_MODULES = YES;
				CLANG_ENABLE_OBJC_ARC = YES;
				CLANG_ENABLE_OBJC_WEAK = YES;
				CLANG_WARN_BLOCK_CAPTURE_AUTORELEASING = YES;
				CLANG_WARN_BOOL_CONVERSION = YES;
				CLANG_WARN_COMMA = YES;
				CLANG_WARN_CONSTANT_CONVERSION = YES;
				CLANG_WARN_DEPRECATED_OBJC_IMPLEMENTATIONS = YES;
				CLANG_WARN_DIRECT_OBJC_ISA_USAGE = YES_ERROR;
				CLANG_WARN_DOCUMENTATION_COMMENTS = YES;
				CLANG_WARN_EMPTY_BODY = YES;
				CLANG_WARN_ENUM_CONVERSION = YES;
				CLANG_WARN_INFINITE_RECURSION = YES;
				CLANG_WARN_INT_CONVERSION = YES;
				CLANG_WARN_NON_LITERAL_NULL_CONVERSION = YES;
				CLANG_WARN_OBJC_IMPLICIT_RETAIN_SELF = YES;
				CLANG_WARN_OBJC_LITERAL_CONVERSION = YES;
				CLANG_WARN_OBJC_ROOT_CLASS = YES_ERROR;
				CLANG_WARN_QUOTED_INCLUDE_IN_FRAMEWORK_HEADER = YES;
				CLANG_WARN_RANGE_LOOP_ANALYSIS = YES;
				CLANG_WARN_STRICT_PROTOTYPES = YES;
				CLANG_WARN_SUSPICIOUS_MOVE = YES;
				CLANG_WARN_UNGUARDED_AVAILABILITY = YES_AGGRESSIVE;
				CLANG_WARN_UNREACHABLE_CODE = YES;
				CLANG_WARN__DUPLICATE_METHOD_MATCH = YES;
				COPY_PHASE_STRIP = NO;
				DEBUG_INFORMATION_FORMAT = "dwarf-with-dsym";
				ENABLE_NS_ASSERTIONS = NO;
				ENABLE_STRICT_OBJC_MSGSEND = YES;
				GCC_C_LANGUAGE_STANDARD = gnu11;
				GCC_NO_COMMON_BLOCKS = YES;
				GCC_WARN_64_TO_32_BIT_CONVERSION = YES;
				GCC_WARN_ABOUT_RETURN_TYPE = YES_ERROR;
				GCC_WARN_UNDECLARED_SELECTOR = YES;
				GCC_WARN_UNINITIALIZED_AUTOS = YES_AGGRESSIVE;
				GCC_WARN_UNUSED_FUNCTION = YES;
				GCC_WARN_UNUSED_VARIABLE = YES;
				IPHONEOS_DEPLOYMENT_TARGET = 16.1;
				MTL_ENABLE_DEBUG_INFO = NO;
				MTL_FAST_MATH = YES;
				SDKROOT = iphoneos;
				SWIFT_COMPILATION_MODE = wholemodule;
				SWIFT_OPTIMIZATION_LEVEL = "-O";
				VALIDATE_PRODUCT = YES;
			};
			name = Release;
		};
		D06D8B24294A050800913140 /* Debug */ = {
			isa = XCBuildConfiguration;
			buildSettings = {
				ASSETCATALOG_COMPILER_APPICON_NAME = AppIcon;
				ASSETCATALOG_COMPILER_GLOBAL_ACCENT_COLOR_NAME = AccentColor;
				CODE_SIGN_STYLE = Automatic;
				CURRENT_PROJECT_VERSION = 1;
				GENERATE_INFOPLIST_FILE = YES;
				INFOPLIST_FILE = 1l_AkhmedIsaev_second_course/Info.plist;
				INFOPLIST_KEY_UIApplicationSupportsIndirectInputEvents = YES;
				INFOPLIST_KEY_UILaunchStoryboardName = LaunchScreen;
				INFOPLIST_KEY_UIMainStoryboardFile = Main;
				INFOPLIST_KEY_UISupportedInterfaceOrientations_iPad = "UIInterfaceOrientationPortrait UIInterfaceOrientationPortraitUpsideDown UIInterfaceOrientationLandscapeLeft UIInterfaceOrientationLandscapeRight";
				INFOPLIST_KEY_UISupportedInterfaceOrientations_iPhone = "UIInterfaceOrientationPortrait UIInterfaceOrientationLandscapeLeft UIInterfaceOrientationLandscapeRight";
				LD_RUNPATH_SEARCH_PATHS = (
					"$(inherited)",
					"@executable_path/Frameworks",
				);
				MARKETING_VERSION = 1.0;
				PRODUCT_BUNDLE_IDENTIFIER = "GeekBrains.-l-AkhmedIsaev-second-course";
				PRODUCT_NAME = "$(TARGET_NAME)";
				SWIFT_EMIT_LOC_STRINGS = YES;
				SWIFT_VERSION = 5.0;
				TARGETED_DEVICE_FAMILY = "1,2";
			};
			name = Debug;
		};
		D06D8B25294A050800913140 /* Release */ = {
			isa = XCBuildConfiguration;
			buildSettings = {
				ASSETCATALOG_COMPILER_APPICON_NAME = AppIcon;
				ASSETCATALOG_COMPILER_GLOBAL_ACCENT_COLOR_NAME = AccentColor;
				CODE_SIGN_STYLE = Automatic;
				CURRENT_PROJECT_VERSION = 1;
				GENERATE_INFOPLIST_FILE = YES;
				INFOPLIST_FILE = 1l_AkhmedIsaev_second_course/Info.plist;
				INFOPLIST_KEY_UIApplicationSupportsIndirectInputEvents = YES;
				INFOPLIST_KEY_UILaunchStoryboardName = LaunchScreen;
				INFOPLIST_KEY_UIMainStoryboardFile = Main;
				INFOPLIST_KEY_UISupportedInterfaceOrientations_iPad = "UIInterfaceOrientationPortrait UIInterfaceOrientationPortraitUpsideDown UIInterfaceOrientationLandscapeLeft UIInterfaceOrientationLandscapeRight";
				INFOPLIST_KEY_UISupportedInterfaceOrientations_iPhone = "UIInterfaceOrientationPortrait UIInterfaceOrientationLandscapeLeft UIInterfaceOrientationLandscapeRight";
				LD_RUNPATH_SEARCH_PATHS = (
					"$(inherited)",
					"@executable_path/Frameworks",
				);
				MARKETING_VERSION = 1.0;
				PRODUCT_BUNDLE_IDENTIFIER = "GeekBrains.-l-AkhmedIsaev-second-course";
				PRODUCT_NAME = "$(TARGET_NAME)";
				SWIFT_EMIT_LOC_STRINGS = YES;
				SWIFT_VERSION = 5.0;
				TARGETED_DEVICE_FAMILY = "1,2";
			};
			name = Release;
		};
/* End XCBuildConfiguration section */

/* Begin XCConfigurationList section */
		D06D8B0A294A050100913140 /* Build configuration list for PBXProject "1l_AkhmedIsaev_second_course" */ = {
			isa = XCConfigurationList;
			buildConfigurations = (
				D06D8B21294A050800913140 /* Debug */,
				D06D8B22294A050800913140 /* Release */,
			);
			defaultConfigurationIsVisible = 0;
			defaultConfigurationName = Release;
		};
		D06D8B23294A050800913140 /* Build configuration list for PBXNativeTarget "1l_AkhmedIsaev_second_course" */ = {
			isa = XCConfigurationList;
			buildConfigurations = (
				D06D8B24294A050800913140 /* Debug */,
				D06D8B25294A050800913140 /* Release */,
			);
			defaultConfigurationIsVisible = 0;
			defaultConfigurationName = Release;
		};
/* End XCConfigurationList section */
	};
	rootObject = D06D8B07294A050100913140 /* Project object */;
}
